// !$*UTF8*$!
{
	archiveVersion = 1;
	classes = {
	};
	objectVersion = 48;
	objects = {

/* Begin PBXBuildFile section */
		7519597F1FF818D7005901F9 /* AppDelegate.swift in Sources */ = {isa = PBXBuildFile; fileRef = 7519597E1FF818D7005901F9 /* AppDelegate.swift */; };
		751959811FF818D7005901F9 /* GameScene.sks in Resources */ = {isa = PBXBuildFile; fileRef = 751959801FF818D7005901F9 /* GameScene.sks */; };
		751959831FF818D7005901F9 /* Actions.sks in Resources */ = {isa = PBXBuildFile; fileRef = 751959821FF818D7005901F9 /* Actions.sks */; };
		751959851FF818D7005901F9 /* GameScene.swift in Sources */ = {isa = PBXBuildFile; fileRef = 751959841FF818D7005901F9 /* GameScene.swift */; };
		751959871FF818D7005901F9 /* GameViewController.swift in Sources */ = {isa = PBXBuildFile; fileRef = 751959861FF818D7005901F9 /* GameViewController.swift */; };
		7519598A1FF818D7005901F9 /* Main.storyboard in Resources */ = {isa = PBXBuildFile; fileRef = 751959881FF818D7005901F9 /* Main.storyboard */; };
		7519598C1FF818D7005901F9 /* Assets.xcassets in Resources */ = {isa = PBXBuildFile; fileRef = 7519598B1FF818D7005901F9 /* Assets.xcassets */; };
		7519598F1FF818D7005901F9 /* LaunchScreen.storyboard in Resources */ = {isa = PBXBuildFile; fileRef = 7519598D1FF818D7005901F9 /* LaunchScreen.storyboard */; };
		751959971FF81BE2005901F9 /* explosion.mp3 in Resources */ = {isa = PBXBuildFile; fileRef = 751959961FF81BE2005901F9 /* explosion.mp3 */; };
		751959991FF81C6A005901F9 /* torpede.mp3 in Resources */ = {isa = PBXBuildFile; fileRef = 751959981FF81C6A005901F9 /* torpede.mp3 */; };
		7519599E1FF81DFA005901F9 /* Starfield.sks in Resources */ = {isa = PBXBuildFile; fileRef = 7519599C1FF81DFA005901F9 /* Starfield.sks */; };
		7519599F1FF81DFA005901F9 /* Explosion.sks in Resources */ = {isa = PBXBuildFile; fileRef = 7519599D1FF81DFA005901F9 /* Explosion.sks */; };
		751959A11FF84115005901F9 /* starwars.mp3 in Resources */ = {isa = PBXBuildFile; fileRef = 751959A01FF84115005901F9 /* starwars.mp3 */; };
		752824351FF8E5AF00DA4B95 /* MenuViewController.swift in Sources */ = {isa = PBXBuildFile; fileRef = 752824341FF8E5AF00DA4B95 /* MenuViewController.swift */; };
		752824371FF8E71900DA4B95 /* chewbacca.mp3 in Resources */ = {isa = PBXBuildFile; fileRef = 752824361FF8E71900DA4B95 /* chewbacca.mp3 */; };
		7528243B1FF8FE2700DA4B95 /* r2beeping.mp3 in Resources */ = {isa = PBXBuildFile; fileRef = 7528243A1FF8FE2700DA4B95 /* r2beeping.mp3 */; };
		7561BDAE1FFA6E1400947CA6 /* GameOverScene.sks in Resources */ = {isa = PBXBuildFile; fileRef = 7561BDAD1FFA6E1400947CA6 /* GameOverScene.sks */; };
		7561BDB01FFA6E5200947CA6 /* GameOverScene.swift in Sources */ = {isa = PBXBuildFile; fileRef = 7561BDAF1FFA6E5200947CA6 /* GameOverScene.swift */; };
		7561BDB41FFAA96200947CA6 /* menu.mp3 in Resources */ = {isa = PBXBuildFile; fileRef = 7561BDB31FFAA96200947CA6 /* menu.mp3 */; };
/* End PBXBuildFile section */

/* Begin PBXFileReference section */
		7519597B1FF818D7005901F9 /* Space Battle.app */ = {isa = PBXFileReference; explicitFileType = wrapper.application; includeInIndex = 0; path = "Space Battle.app"; sourceTree = BUILT_PRODUCTS_DIR; };
		7519597E1FF818D7005901F9 /* AppDelegate.swift */ = {isa = PBXFileReference; lastKnownFileType = sourcecode.swift; path = AppDelegate.swift; sourceTree = "<group>"; };
		751959801FF818D7005901F9 /* GameScene.sks */ = {isa = PBXFileReference; lastKnownFileType = file.sks; path = GameScene.sks; sourceTree = "<group>"; };
		751959821FF818D7005901F9 /* Actions.sks */ = {isa = PBXFileReference; lastKnownFileType = file.sks; path = Actions.sks; sourceTree = "<group>"; };
		751959841FF818D7005901F9 /* GameScene.swift */ = {isa = PBXFileReference; lastKnownFileType = sourcecode.swift; path = GameScene.swift; sourceTree = "<group>"; };
		751959861FF818D7005901F9 /* GameViewController.swift */ = {isa = PBXFileReference; lastKnownFileType = sourcecode.swift; path = GameViewController.swift; sourceTree = "<group>"; };
		751959891FF818D7005901F9 /* Base */ = {isa = PBXFileReference; lastKnownFileType = file.storyboard; name = Base; path = Base.lproj/Main.storyboard; sourceTree = "<group>"; };
		7519598B1FF818D7005901F9 /* Assets.xcassets */ = {isa = PBXFileReference; lastKnownFileType = folder.assetcatalog; path = Assets.xcassets; sourceTree = "<group>"; };
		7519598E1FF818D7005901F9 /* Base */ = {isa = PBXFileReference; lastKnownFileType = file.storyboard; name = Base; path = Base.lproj/LaunchScreen.storyboard; sourceTree = "<group>"; };
		751959901FF818D7005901F9 /* Info.plist */ = {isa = PBXFileReference; lastKnownFileType = text.plist.xml; path = Info.plist; sourceTree = "<group>"; };
		751959961FF81BE2005901F9 /* explosion.mp3 */ = {isa = PBXFileReference; lastKnownFileType = audio.mp3; path = explosion.mp3; sourceTree = "<group>"; };
		751959981FF81C6A005901F9 /* torpede.mp3 */ = {isa = PBXFileReference; lastKnownFileType = audio.mp3; path = torpede.mp3; sourceTree = "<group>"; };
		7519599C1FF81DFA005901F9 /* Starfield.sks */ = {isa = PBXFileReference; lastKnownFileType = file.sks; path = Starfield.sks; sourceTree = "<group>"; };
		7519599D1FF81DFA005901F9 /* Explosion.sks */ = {isa = PBXFileReference; lastKnownFileType = file.sks; path = Explosion.sks; sourceTree = "<group>"; };
		751959A01FF84115005901F9 /* starwars.mp3 */ = {isa = PBXFileReference; lastKnownFileType = audio.mp3; path = starwars.mp3; sourceTree = "<group>"; };
		752824341FF8E5AF00DA4B95 /* MenuViewController.swift */ = {isa = PBXFileReference; lastKnownFileType = sourcecode.swift; path = MenuViewController.swift; sourceTree = "<group>"; };
		752824361FF8E71900DA4B95 /* chewbacca.mp3 */ = {isa = PBXFileReference; lastKnownFileType = audio.mp3; path = chewbacca.mp3; sourceTree = "<group>"; };
		7528243A1FF8FE2700DA4B95 /* r2beeping.mp3 */ = {isa = PBXFileReference; lastKnownFileType = audio.mp3; path = r2beeping.mp3; sourceTree = "<group>"; };
		7561BDAD1FFA6E1400947CA6 /* GameOverScene.sks */ = {isa = PBXFileReference; lastKnownFileType = file.sks; path = GameOverScene.sks; sourceTree = "<group>"; };
		7561BDAF1FFA6E5200947CA6 /* GameOverScene.swift */ = {isa = PBXFileReference; lastKnownFileType = sourcecode.swift; path = GameOverScene.swift; sourceTree = "<group>"; };
		7561BDB31FFAA96200947CA6 /* menu.mp3 */ = {isa = PBXFileReference; lastKnownFileType = audio.mp3; path = menu.mp3; sourceTree = "<group>"; };
/* End PBXFileReference section */

/* Begin PBXFrameworksBuildPhase section */
		751959781FF818D7005901F9 /* Frameworks */ = {
			isa = PBXFrameworksBuildPhase;
			buildActionMask = 2147483647;
			files = (
			);
			runOnlyForDeploymentPostprocessing = 0;
		};
/* End PBXFrameworksBuildPhase section */

/* Begin PBXGroup section */
		751959721FF818D7005901F9 = {
			isa = PBXGroup;
			children = (
				7519597D1FF818D7005901F9 /* Space Battle */,
				7519597C1FF818D7005901F9 /* Products */,
			);
			sourceTree = "<group>";
		};
		7519597C1FF818D7005901F9 /* Products */ = {
			isa = PBXGroup;
			children = (
				7519597B1FF818D7005901F9 /* Space Battle.app */,
			);
			name = Products;
			sourceTree = "<group>";
		};
		7519597D1FF818D7005901F9 /* Space Battle */ = {
			isa = PBXGroup;
			children = (
				7519597E1FF818D7005901F9 /* AppDelegate.swift */,
				751959881FF818D7005901F9 /* Main.storyboard */,
				752824341FF8E5AF00DA4B95 /* MenuViewController.swift */,
				751959861FF818D7005901F9 /* GameViewController.swift */,
				7589B5681FF99F35008BD858 /* Sounds */,
				7561BDB51FFAACA500947CA6 /* GameOverScene */,
				7589B5691FF99F4A008BD858 /* GameScene */,
				7561BDA81FFA5AD500947CA6 /* Emmitters */,
				7519598B1FF818D7005901F9 /* Assets.xcassets */,
				7519598D1FF818D7005901F9 /* LaunchScreen.storyboard */,
				751959901FF818D7005901F9 /* Info.plist */,
			);
			path = "Space Battle";
			sourceTree = "<group>";
		};
		7561BDA81FFA5AD500947CA6 /* Emmitters */ = {
			isa = PBXGroup;
			children = (
				751959821FF818D7005901F9 /* Actions.sks */,
				7519599D1FF81DFA005901F9 /* Explosion.sks */,
				7519599C1FF81DFA005901F9 /* Starfield.sks */,
			);
			path = Emmitters;
			sourceTree = "<group>";
		};
		7561BDB51FFAACA500947CA6 /* GameOverScene */ = {
			isa = PBXGroup;
			children = (
				7561BDAD1FFA6E1400947CA6 /* GameOverScene.sks */,
				7561BDAF1FFA6E5200947CA6 /* GameOverScene.swift */,
			);
			path = GameOverScene;
			sourceTree = "<group>";
		};
		7589B5681FF99F35008BD858 /* Sounds */ = {
			isa = PBXGroup;
			children = (
				751959961FF81BE2005901F9 /* explosion.mp3 */,
				751959981FF81C6A005901F9 /* torpede.mp3 */,
				751959A01FF84115005901F9 /* starwars.mp3 */,
				7528243A1FF8FE2700DA4B95 /* r2beeping.mp3 */,
				7561BDB31FFAA96200947CA6 /* menu.mp3 */,
				752824361FF8E71900DA4B95 /* chewbacca.mp3 */,
			);
			path = Sounds;
			sourceTree = "<group>";
		};
		7589B5691FF99F4A008BD858 /* GameScene */ = {
			isa = PBXGroup;
			children = (
				751959801FF818D7005901F9 /* GameScene.sks */,
				751959841FF818D7005901F9 /* GameScene.swift */,
			);
			path = GameScene;
			sourceTree = "<group>";
		};
/* End PBXGroup section */

/* Begin PBXNativeTarget section */
		7519597A1FF818D7005901F9 /* Space Battle */ = {
			isa = PBXNativeTarget;
			buildConfigurationList = 751959931FF818D7005901F9 /* Build configuration list for PBXNativeTarget "Space Battle" */;
			buildPhases = (
				751959771FF818D7005901F9 /* Sources */,
				751959781FF818D7005901F9 /* Frameworks */,
				751959791FF818D7005901F9 /* Resources */,
			);
			buildRules = (
			);
			dependencies = (
			);
			name = "Space Battle";
			productName = "Space Battle";
			productReference = 7519597B1FF818D7005901F9 /* Space Battle.app */;
			productType = "com.apple.product-type.application";
		};
/* End PBXNativeTarget section */

/* Begin PBXProject section */
		751959731FF818D7005901F9 /* Project object */ = {
			isa = PBXProject;
			attributes = {
				LastSwiftUpdateCheck = 0920;
				LastUpgradeCheck = 0920;
				ORGANIZATIONNAME = "Uladzislau Daratsiuk";
				TargetAttributes = {
					7519597A1FF818D7005901F9 = {
						CreatedOnToolsVersion = 9.2;
						ProvisioningStyle = Automatic;
					};
				};
			};
			buildConfigurationList = 751959761FF818D7005901F9 /* Build configuration list for PBXProject "Space Battle" */;
			compatibilityVersion = "Xcode 8.0";
			developmentRegion = en;
			hasScannedForEncodings = 0;
			knownRegions = (
				en,
				Base,
			);
			mainGroup = 751959721FF818D7005901F9;
			productRefGroup = 7519597C1FF818D7005901F9 /* Products */;
			projectDirPath = "";
			projectRoot = "";
			targets = (
				7519597A1FF818D7005901F9 /* Space Battle */,
			);
		};
/* End PBXProject section */

/* Begin PBXResourcesBuildPhase section */
		751959791FF818D7005901F9 /* Resources */ = {
			isa = PBXResourcesBuildPhase;
			buildActionMask = 2147483647;
			files = (
				7561BDAE1FFA6E1400947CA6 /* GameOverScene.sks in Resources */,
				751959A11FF84115005901F9 /* starwars.mp3 in Resources */,
				751959971FF81BE2005901F9 /* explosion.mp3 in Resources */,
				7519598A1FF818D7005901F9 /* Main.storyboard in Resources */,
				752824371FF8E71900DA4B95 /* chewbacca.mp3 in Resources */,
				7519599E1FF81DFA005901F9 /* Starfield.sks in Resources */,
				751959811FF818D7005901F9 /* GameScene.sks in Resources */,
				7561BDB41FFAA96200947CA6 /* menu.mp3 in Resources */,
				7519598C1FF818D7005901F9 /* Assets.xcassets in Resources */,
				7519598F1FF818D7005901F9 /* LaunchScreen.storyboard in Resources */,
				751959991FF81C6A005901F9 /* torpede.mp3 in Resources */,
				751959831FF818D7005901F9 /* Actions.sks in Resources */,
				7519599F1FF81DFA005901F9 /* Explosion.sks in Resources */,
				7528243B1FF8FE2700DA4B95 /* r2beeping.mp3 in Resources */,
			);
			runOnlyForDeploymentPostprocessing = 0;
		};
/* End PBXResourcesBuildPhase section */

/* Begin PBXSourcesBuildPhase section */
		751959771FF818D7005901F9 /* Sources */ = {
			isa = PBXSourcesBuildPhase;
			buildActionMask = 2147483647;
			files = (
				7561BDB01FFA6E5200947CA6 /* GameOverScene.swift in Sources */,
				751959851FF818D7005901F9 /* GameScene.swift in Sources */,
				751959871FF818D7005901F9 /* GameViewController.swift in Sources */,
				7519597F1FF818D7005901F9 /* AppDelegate.swift in Sources */,
				752824351FF8E5AF00DA4B95 /* MenuViewController.swift in Sources */,
			);
			runOnlyForDeploymentPostprocessing = 0;
		};
/* End PBXSourcesBuildPhase section */

/* Begin PBXVariantGroup section */
		751959881FF818D7005901F9 /* Main.storyboard */ = {
			isa = PBXVariantGroup;
			children = (
				751959891FF818D7005901F9 /* Base */,
			);
			name = Main.storyboard;
			sourceTree = "<group>";
		};
		7519598D1FF818D7005901F9 /* LaunchScreen.storyboard */ = {
			isa = PBXVariantGroup;
			children = (
				7519598E1FF818D7005901F9 /* Base */,
			);
			name = LaunchScreen.storyboard;
			sourceTree = "<group>";
		};
/* End PBXVariantGroup section */

/* Begin XCBuildConfiguration section */
		751959911FF818D7005901F9 /* Debug */ = {
			isa = XCBuildConfiguration;
			buildSettings = {
				ALWAYS_SEARCH_USER_PATHS = NO;
				CLANG_ANALYZER_NONNULL = YES;
				CLANG_ANALYZER_NUMBER_OBJECT_CONVERSION = YES_AGGRESSIVE;
				CLANG_CXX_LANGUAGE_STANDARD = "gnu++14";
				CLANG_CXX_LIBRARY = "libc++";
				CLANG_ENABLE_MODULES = YES;
				CLANG_ENABLE_OBJC_ARC = YES;
				CLANG_WARN_BLOCK_CAPTURE_AUTORELEASING = YES;
				CLANG_WARN_BOOL_CONVERSION = YES;
				CLANG_WARN_COMMA = YES;
				CLANG_WARN_CONSTANT_CONVERSION = YES;
				CLANG_WARN_DIRECT_OBJC_ISA_USAGE = YES_ERROR;
				CLANG_WARN_DOCUMENTATION_COMMENTS = YES;
				CLANG_WARN_EMPTY_BODY = YES;
				CLANG_WARN_ENUM_CONVERSION = YES;
				CLANG_WARN_INFINITE_RECURSION = YES;
				CLANG_WARN_INT_CONVERSION = YES;
				CLANG_WARN_NON_LITERAL_NULL_CONVERSION = YES;
				CLANG_WARN_OBJC_LITERAL_CONVERSION = YES;
				CLANG_WARN_OBJC_ROOT_CLASS = YES_ERROR;
				CLANG_WARN_RANGE_LOOP_ANALYSIS = YES;
				CLANG_WARN_STRICT_PROTOTYPES = YES;
				CLANG_WARN_SUSPICIOUS_MOVE = YES;
				CLANG_WARN_UNGUARDED_AVAILABILITY = YES_AGGRESSIVE;
				CLANG_WARN_UNREACHABLE_CODE = YES;
				CLANG_WARN__DUPLICATE_METHOD_MATCH = YES;
				CODE_SIGN_IDENTITY = "iPhone Developer";
				COPY_PHASE_STRIP = NO;
				DEBUG_INFORMATION_FORMAT = dwarf;
				ENABLE_STRICT_OBJC_MSGSEND = YES;
				ENABLE_TESTABILITY = YES;
				GCC_C_LANGUAGE_STANDARD = gnu11;
				GCC_DYNAMIC_NO_PIC = NO;
				GCC_NO_COMMON_BLOCKS = YES;
				GCC_OPTIMIZATION_LEVEL = 0;
				GCC_PREPROCESSOR_DEFINITIONS = (
					"DEBUG=1",
					"$(inherited)",
				);
				GCC_WARN_64_TO_32_BIT_CONVERSION = YES;
				GCC_WARN_ABOUT_RETURN_TYPE = YES_ERROR;
				GCC_WARN_UNDECLARED_SELECTOR = YES;
				GCC_WARN_UNINITIALIZED_AUTOS = YES_AGGRESSIVE;
				GCC_WARN_UNUSED_FUNCTION = YES;
				GCC_WARN_UNUSED_VARIABLE = YES;
				IPHONEOS_DEPLOYMENT_TARGET = 11.2;
				MTL_ENABLE_DEBUG_INFO = YES;
				ONLY_ACTIVE_ARCH = YES;
				SDKROOT = iphoneos;
				SWIFT_ACTIVE_COMPILATION_CONDITIONS = DEBUG;
				SWIFT_OPTIMIZATION_LEVEL = "-Onone";
			};
			name = Debug;
		};
		751959921FF818D7005901F9 /* Release */ = {
			isa = XCBuildConfiguration;
			buildSettings = {
				ALWAYS_SEARCH_USER_PATHS = NO;
				CLANG_ANALYZER_NONNULL = YES;
				CLANG_ANALYZER_NUMBER_OBJECT_CONVERSION = YES_AGGRESSIVE;
				CLANG_CXX_LANGUAGE_STANDARD = "gnu++14";
				CLANG_CXX_LIBRARY = "libc++";
				CLANG_ENABLE_MODULES = YES;
				CLANG_ENABLE_OBJC_ARC = YES;
				CLANG_WARN_BLOCK_CAPTURE_AUTORELEASING = YES;
				CLANG_WARN_BOOL_CONVERSION = YES;
				CLANG_WARN_COMMA = YES;
				CLANG_WARN_CONSTANT_CONVERSION = YES;
				CLANG_WARN_DIRECT_OBJC_ISA_USAGE = YES_ERROR;
				CLANG_WARN_DOCUMENTATION_COMMENTS = YES;
				CLANG_WARN_EMPTY_BODY = YES;
				CLANG_WARN_ENUM_CONVERSION = YES;
				CLANG_WARN_INFINITE_RECURSION = YES;
				CLANG_WARN_INT_CONVERSION = YES;
				CLANG_WARN_NON_LITERAL_NULL_CONVERSION = YES;
				CLANG_WARN_OBJC_LITERAL_CONVERSION = YES;
				CLANG_WARN_OBJC_ROOT_CLASS = YES_ERROR;
				CLANG_WARN_RANGE_LOOP_ANALYSIS = YES;
				CLANG_WARN_STRICT_PROTOTYPES = YES;
				CLANG_WARN_SUSPICIOUS_MOVE = YES;
				CLANG_WARN_UNGUARDED_AVAILABILITY = YES_AGGRESSIVE;
				CLANG_WARN_UNREACHABLE_CODE = YES;
				CLANG_WARN__DUPLICATE_METHOD_MATCH = YES;
				CODE_SIGN_IDENTITY = "iPhone Developer";
				COPY_PHASE_STRIP = NO;
				DEBUG_INFORMATION_FORMAT = "dwarf-with-dsym";
				ENABLE_NS_ASSERTIONS = NO;
				ENABLE_STRICT_OBJC_MSGSEND = YES;
				GCC_C_LANGUAGE_STANDARD = gnu11;
				GCC_NO_COMMON_BLOCKS = YES;
				GCC_WARN_64_TO_32_BIT_CONVERSION = YES;
				GCC_WARN_ABOUT_RETURN_TYPE = YES_ERROR;
				GCC_WARN_UNDECLARED_SELECTOR = YES;
				GCC_WARN_UNINITIALIZED_AUTOS = YES_AGGRESSIVE;
				GCC_WARN_UNUSED_FUNCTION = YES;
				GCC_WARN_UNUSED_VARIABLE = YES;
				IPHONEOS_DEPLOYMENT_TARGET = 11.2;
				MTL_ENABLE_DEBUG_INFO = NO;
				SDKROOT = iphoneos;
				SWIFT_OPTIMIZATION_LEVEL = "-Owholemodule";
				VALIDATE_PRODUCT = YES;
			};
			name = Release;
		};
		751959941FF818D7005901F9 /* Debug */ = {
			isa = XCBuildConfiguration;
			buildSettings = {
				ASSETCATALOG_COMPILER_APPICON_NAME = AppIcon;
				CODE_SIGN_STYLE = Automatic;
				DEVELOPMENT_TEAM = Z4NGAZXKWW;
				INFOPLIST_FILE = "Space Battle/Info.plist";
				IPHONEOS_DEPLOYMENT_TARGET = 10.1;
				LD_RUNPATH_SEARCH_PATHS = "$(inherited) @executable_path/Frameworks";
				PRODUCT_BUNDLE_IDENTIFIER = "Uladzislau-Daratsiuk.Space-Battle";
				PRODUCT_NAME = "$(TARGET_NAME)";
				SWIFT_VERSION = 4.0;
				TARGETED_DEVICE_FAMILY = "1,2";
			};
			name = Debug;
		};
		751959951FF818D7005901F9 /* Release */ = {
			isa = XCBuildConfiguration;
			buildSettings = {
				ASSETCATALOG_COMPILER_APPICON_NAME = AppIcon;
				CODE_SIGN_STYLE = Automatic;
				DEVELOPMENT_TEAM = Z4NGAZXKWW;
				INFOPLIST_FILE = "Space Battle/Info.plist";
				IPHONEOS_DEPLOYMENT_TARGET = 10.1;
				LD_RUNPATH_SEARCH_PATHS = "$(inherited) @executable_path/Frameworks";
				PRODUCT_BUNDLE_IDENTIFIER = "Uladzislau-Daratsiuk.Space-Battle";
				PRODUCT_NAME = "$(TARGET_NAME)";
				SWIFT_VERSION = 4.0;
				TARGETED_DEVICE_FAMILY = "1,2";
			};
			name = Release;
		};
/* End XCBuildConfiguration section */

/* Begin XCConfigurationList section */
		751959761FF818D7005901F9 /* Build configuration list for PBXProject "Space Battle" */ = {
			isa = XCConfigurationList;
			buildConfigurations = (
				751959911FF818D7005901F9 /* Debug */,
				751959921FF818D7005901F9 /* Release */,
			);
			defaultConfigurationIsVisible = 0;
			defaultConfigurationName = Release;
		};
		751959931FF818D7005901F9 /* Build configuration list for PBXNativeTarget "Space Battle" */ = {
			isa = XCConfigurationList;
			buildConfigurations = (
				751959941FF818D7005901F9 /* Debug */,
				751959951FF818D7005901F9 /* Release */,
			);
			defaultConfigurationIsVisible = 0;
			defaultConfigurationName = Release;
		};
/* End XCConfigurationList section */
	};
	rootObject = 751959731FF818D7005901F9 /* Project object */;
}
